
Microsoft Visual Studio Solution File, Format Version 12.00
# Visual Studio Version 17
VisualStudioVersion = 17.10.34916.146
MinimumVisualStudioVersion = 10.0.40219.1
Project("{9A19103F-16F7-4668-BE54-9A1E7A4F7556}") = "AudienceService.Api", "AudienceService.Api\AudienceService.Api.csproj", "{66A7D655-5853-43D8-BF5D-F49BFED3D9E3}"
EndProject
Project("{9A19103F-16F7-4668-BE54-9A1E7A4F7556}") = "AudienceService.Db", "AudienceService.Db\AudienceService.Db.csproj", "{6F6E0739-3311-497F-9D73-BEA9F8C9D806}"
EndProject
Project("{9A19103F-16F7-4668-BE54-9A1E7A4F7556}") = "AudienceService.Domain", "AudienceService.Domain\AudienceService.Domain.csproj", "{5E422D73-ED02-4ACF-9FE1-69E19AE697AB}"
EndProject
Project("{9A19103F-16F7-4668-BE54-9A1E7A4F7556}") = "AudienceService.Repository", "AudienceService.Repository\AudienceService.Repository.csproj", "{677A8C49-5290-4157-98EE-F74DC66A3D04}"
EndProject
Project("{FAE04EC0-301F-11D3-BF4B-00C04F79EFBC}") = "AudienceService.Application", "AudienceService.Application\AudienceService.Application.csproj", "{FF35E4CC-ED15-459A-B69F-332021433CC5}"
EndProject
Project("{FAE04EC0-301F-11D3-BF4B-00C04F79EFBC}") = "AudienceService.Integrations", "AudienceService.Integrations\AudienceService.Integrations.csproj", "{D7E757D2-E616-4002-BEFC-A6D746208E99}"
EndProject
Global
	GlobalSection(SolutionConfigurationPlatforms) = preSolution
		Debug|Any CPU = Debug|Any CPU
		Release|Any CPU = Release|Any CPU
	EndGlobalSection
	GlobalSection(ProjectConfigurationPlatforms) = postSolution
		{66A7D655-5853-43D8-BF5D-F49BFED3D9E3}.Debug|Any CPU.ActiveCfg = Debug|Any CPU
		{66A7D655-5853-43D8-BF5D-F49BFED3D9E3}.Debug|Any CPU.Build.0 = Debug|Any CPU
		{66A7D655-5853-43D8-BF5D-F49BFED3D9E3}.Release|Any CPU.ActiveCfg = Release|Any CPU
		{66A7D655-5853-43D8-BF5D-F49BFED3D9E3}.Release|Any CPU.Build.0 = Release|Any CPU
		{6F6E0739-3311-497F-9D73-BEA9F8C9D806}.Debug|Any CPU.ActiveCfg = Debug|Any CPU
		{6F6E0739-3311-497F-9D73-BEA9F8C9D806}.Debug|Any CPU.Build.0 = Debug|Any CPU
		{6F6E0739-3311-497F-9D73-BEA9F8C9D806}.Release|Any CPU.ActiveCfg = Release|Any CPU
		{6F6E0739-3311-497F-9D73-BEA9F8C9D806}.Release|Any CPU.Build.0 = Release|Any CPU
		{5E422D73-ED02-4ACF-9FE1-69E19AE697AB}.Debug|Any CPU.ActiveCfg = Debug|Any CPU
		{5E422D73-ED02-4ACF-9FE1-69E19AE697AB}.Debug|Any CPU.Build.0 = Debug|Any CPU
		{5E422D73-ED02-4ACF-9FE1-69E19AE697AB}.Release|Any CPU.ActiveCfg = Release|Any CPU
		{5E422D73-ED02-4ACF-9FE1-69E19AE697AB}.Release|Any CPU.Build.0 = Release|Any CPU
		{677A8C49-5290-4157-98EE-F74DC66A3D04}.Debug|Any CPU.ActiveCfg = Debug|Any CPU
		{677A8C49-5290-4157-98EE-F74DC66A3D04}.Debug|Any CPU.Build.0 = Debug|Any CPU
		{677A8C49-5290-4157-98EE-F74DC66A3D04}.Release|Any CPU.ActiveCfg = Release|Any CPU
		{677A8C49-5290-4157-98EE-F74DC66A3D04}.Release|Any CPU.Build.0 = Release|Any CPU
		{FF35E4CC-ED15-459A-B69F-332021433CC5}.Debug|Any CPU.ActiveCfg = Debug|Any CPU
		{FF35E4CC-ED15-459A-B69F-332021433CC5}.Debug|Any CPU.Build.0 = Debug|Any CPU
		{FF35E4CC-ED15-459A-B69F-332021433CC5}.Release|Any CPU.ActiveCfg = Release|Any CPU
		{FF35E4CC-ED15-459A-B69F-332021433CC5}.Release|Any CPU.Build.0 = Release|Any CPU
		{D7E757D2-E616-4002-BEFC-A6D746208E99}.Debug|Any CPU.ActiveCfg = Debug|Any CPU
		{D7E757D2-E616-4002-BEFC-A6D746208E99}.Debug|Any CPU.Build.0 = Debug|Any CPU
		{D7E757D2-E616-4002-BEFC-A6D746208E99}.Release|Any CPU.ActiveCfg = Release|Any CPU
		{D7E757D2-E616-4002-BEFC-A6D746208E99}.Release|Any CPU.Build.0 = Release|Any CPU
	EndGlobalSection
	GlobalSection(SolutionProperties) = preSolution
		HideSolutionNode = FALSE
	EndGlobalSection
	GlobalSection(ExtensibilityGlobals) = postSolution
		SolutionGuid = {60C13BD1-877A-4274-916C-62C3EB57CE33}
	EndGlobalSection
EndGlobal
